Microsoft Visual Studio Solution File, Format Version 12.00
# Visual Studio Version 17
VisualStudioVersion = 17.5.2.0
MinimumVisualStudioVersion = 10.0.40219.1
Project("{FAE04EC0-301F-11D3-BF4B-00C04F79EFBC}") = "EcoWeb", "EcoWeb.csproj", "{561E2067-A23D-156D-D321-57A334BD2332}"
EndProject
Global
	GlobalSection(SolutionConfigurationPlatforms) = preSolution
		Debug|Any CPU = Debug|Any CPU
		Release|Any CPU = Release|Any CPU
	EndGlobalSection
	GlobalSection(ProjectConfigurationPlatforms) = postSolution
		{561E2067-A23D-156D-D321-57A334BD2332}.Debug|Any CPU.ActiveCfg = Debug|Any CPU
		{561E2067-A23D-156D-D321-57A334BD2332}.Debug|Any CPU.Build.0 = Debug|Any CPU
		{561E2067-A23D-156D-D321-57A334BD2332}.Release|Any CPU.ActiveCfg = Release|Any CPU
		{561E2067-A23D-156D-D321-57A334BD2332}.Release|Any CPU.Build.0 = Release|Any CPU
	EndGlobalSection
	GlobalSection(SolutionProperties) = preSolution
		HideSolutionNode = FALSE
	EndGlobalSection
	GlobalSection(ExtensibilityGlobals) = postSolution
		SolutionGuid = {75EDE61C-C6CB-4CD8-87EC-BE3B88A4F20A}
	EndGlobalSection
EndGlobal
